<?xml version="1.0" encoding="utf-8"?>
<Project ToolsVersion="4.0" xmlns="http://schemas.microsoft.com/developer/msbuild/2003">
  <ItemGroup>
    <Filter Include="Common">
      <UniqueIdentifier>953a950d-8f23-49c6-b64f-5e4a032f2f13</UniqueIdentifier>
    </Filter>
    <Filter Include="Assets">
      <UniqueIdentifier>1c4a63d8-8be7-4206-8e9b-c5c8bc272bb0</UniqueIdentifier>
      <Extensions>ico;cur;bmp;dds;dlg;fbx;rct;bin;rgs;gif;jpg;jpeg;jpe;resx;tga;tiff;tif;png;wav;mfcribbon-ms</Extensions>
    </Filter>
    <Filter Include="Game">
      <UniqueIdentifier>{81e0afe9-ad4e-4f63-95a0-f6d4011481d2}</UniqueIdentifier>
    </Filter>
    <Filter Include="Resources">
      <UniqueIdentifier>{e07fced4-d323-4665-a6ef-0da58b0f46f4}</UniqueIdentifier>
    </Filter>
    <Filter Include="Resources\Fonts">
      <UniqueIdentifier>{582b0255-bd7f-4fbc-a35d-f8c13d2fbf14}</UniqueIdentifier>
    </Filter>
    <Filter Include="Resources\Textures">
      <UniqueIdentifier>{3c9cae57-ef8e-4d89-9ce8-daa682d325ba}</UniqueIdentifier>
    </Filter>
    <Filter Include="Resources\Icon">
      <UniqueIdentifier>{53043c45-2397-49b9-97e7-98faee0b0a41}</UniqueIdentifier>
    </Filter>
    <Filter Include="Resources\Models">
      <UniqueIdentifier>{4bb7f6ff-9803-4a2b-a0e8-bacbe656715d}</UniqueIdentifier>
    </Filter>
    <Filter Include="Libraries">
      <UniqueIdentifier>{c309d520-e3d0-40ec-859f-98ab4d9a9fd1}</UniqueIdentifier>
    </Filter>
    <Filter Include="Libraries\MyLib">
      <UniqueIdentifier>{a327e5ae-7623-4c97-9ac8-1d10ca95e8ca}</UniqueIdentifier>
    </Filter>
    <Filter Include="Libraries\Microsoft">
      <UniqueIdentifier>{3ad90921-3d35-490e-837c-bc326a24aeed}</UniqueIdentifier>
    </Filter>
    <Filter Include="Game\Scene">
      <UniqueIdentifier>{644b32a7-7d84-4f61-a3f0-3872a592dcfb}</UniqueIdentifier>
    </Filter>
    <Filter Include="Interface">
      <UniqueIdentifier>{3f62c7ef-cc5b-468d-931f-bf15d3da4c57}</UniqueIdentifier>
    </Filter>
    <Filter Include="Libraries\EdeLib">
      <UniqueIdentifier>{821d2a91-b4a2-4faa-a536-cce26f513cb9}</UniqueIdentifier>
    </Filter>
    <Filter Include="Game\Scene\Play">
      <UniqueIdentifier>{3d8ccde3-3df0-4453-b2de-4e9bbd005445}</UniqueIdentifier>
    </Filter>
    <Filter Include="Game\Scene\Title">
      <UniqueIdentifier>{24750411-6824-48f7-bbad-02e27f919719}</UniqueIdentifier>
    </Filter>
    <Filter Include="Game\Scene\Result">
      <UniqueIdentifier>{8a8df8bf-ecbf-4212-9db6-e586c8e2b477}</UniqueIdentifier>
    </Filter>
    <Filter Include="Game\Scene\Play\Player">
      <UniqueIdentifier>{3faa888a-a04a-40f3-85c9-9d24d7505f04}</UniqueIdentifier>
    </Filter>
    <Filter Include="Game\Scene\Play\Enemy">
      <UniqueIdentifier>{037ff0a2-0e0d-4bda-9c47-b96d0daa20d8}</UniqueIdentifier>
    </Filter>
    <Filter Include="Game\Scene\Play\Enemy\Bird">
      <UniqueIdentifier>{204543f0-4cac-49b5-bdab-2b7fe2d455cf}</UniqueIdentifier>
    </Filter>
    <Filter Include="Game\Scene\Play\Enemy\Shark">
      <UniqueIdentifier>{f51e3592-6dcb-45c8-b687-da69a76fed83}</UniqueIdentifier>
    </Filter>
    <Filter Include="Game\Scene\Play\Enemy\Crab">
      <UniqueIdentifier>{ac76eed5-ab90-466f-90d5-0ccc4880e7d1}</UniqueIdentifier>
    </Filter>
    <Filter Include="Game\Scene\Play\Stage">
      <UniqueIdentifier>{0e991b61-fce3-48be-bef5-fd4ded1a5db3}</UniqueIdentifier>
    </Filter>
    <Filter Include="Game\Scene\Play\Boss">
      <UniqueIdentifier>{be201d22-b75b-4b4b-a594-8ded17dfc55c}</UniqueIdentifier>
    </Filter>
  </ItemGroup>
  <ItemGroup>
    <ClInclude Include="pch.h" />
    <ClInclude Include="Game.h" />
    <ClInclude Include="StepTimer.h">
      <Filter>Common</Filter>
    </ClInclude>
    <ClInclude Include="Libraries\Microsoft\DebugDraw.h">
      <Filter>Libraries\Microsoft</Filter>
    </ClInclude>
    <ClInclude Include="Game\Screen.h">
      <Filter>Game</Filter>
    </ClInclude>
    <ClInclude Include="Libraries\MyLib\GridFloor.h">
      <Filter>Libraries\MyLib</Filter>
    </ClInclude>
    <ClInclude Include="Libraries\MyLib\MemoryLeakDetector.h">
      <Filter>Libraries\MyLib</Filter>
    </ClInclude>
    <ClInclude Include="Game\Scene\SceneManager.h">
      <Filter>Game\Scene</Filter>
    </ClInclude>
    <ClInclude Include="Libraries\EdeLib\ModelManager.h">
      <Filter>Libraries\EdeLib</Filter>
    </ClInclude>
    <ClInclude Include="Game\Scene\PlayScene.h">
      <Filter>Game\Scene</Filter>
    </ClInclude>
    <ClInclude Include="Game\Scene\ResultScene.h">
      <Filter>Game\Scene</Filter>
    </ClInclude>
    <ClInclude Include="Game\Scene\TitleScene.h">
      <Filter>Game\Scene</Filter>
    </ClInclude>
    <ClInclude Include="Game\Scene\Play\Player\PlayerBody.h">
      <Filter>Game\Scene\Play\Player</Filter>
    </ClInclude>
    <ClInclude Include="Libraries\MyLib\TPS_Camera.h">
      <Filter>Libraries\MyLib</Filter>
    </ClInclude>
    <ClInclude Include="Libraries\MyLib\UtilityMath.h">
      <Filter>Libraries\MyLib</Filter>
    </ClInclude>
    <ClInclude Include="Libraries\MyLib\CollisionMesh.h">
      <Filter>Libraries\MyLib</Filter>
    </ClInclude>
    <ClInclude Include="Interface\IEnemy.h">
      <Filter>Interface</Filter>
    </ClInclude>
    <ClInclude Include="Game\Scene\Play\Enemy\EnemyManager.h">
      <Filter>Game\Scene\Play\Enemy</Filter>
    </ClInclude>
    <ClInclude Include="Game\Scene\Play\Player\PlayerHand.h">
      <Filter>Game\Scene\Play\Player</Filter>
    </ClInclude>
    <ClInclude Include="Game\Scene\Play\Enemy\Bird\EnemyBird.h">
      <Filter>Game\Scene\Play\Enemy\Bird</Filter>
    </ClInclude>
    <ClInclude Include="Game\Scene\Play\Enemy\Crab\EnemyCrab.h">
      <Filter>Game\Scene\Play\Enemy\Crab</Filter>
    </ClInclude>
    <ClInclude Include="Game\Scene\Play\Enemy\Shark\EnemyShark.h">
      <Filter>Game\Scene\Play\Enemy\Shark</Filter>
    </ClInclude>
    <ClInclude Include="Interface\IScene.h">
      <Filter>Interface</Filter>
    </ClInclude>
    <ClInclude Include="Game\Scene\Play\Stage\Stage.h">
      <Filter>Game\Scene\Play\Stage</Filter>
    </ClInclude>
    <ClInclude Include="Game\Scene\Play\Enemy\Boss\EnemyBoss.h" />
    <ClInclude Include="Framework\DeviceResources.h" />
    <ClInclude Include="Framework\Graphics.h" />
    <ClInclude Include="Framework\Input.h" />
    <ClInclude Include="Framework\Resources.h" />
    <ClInclude Include="Framework\Collision.h" />
    <ClInclude Include="Game\Scene\Play\Enemy\Crab\States\CrabPatrol.h" />
    <ClInclude Include="Game\Scene\Play\Enemy\Crab\States\CrabChase.h" />
    <ClInclude Include="Game\Scene\Play\Enemy\Crab\States\CrabAttack.h" />
    <ClInclude Include="Game\Scene\Play\Enemy\Crab\States\CrabEscape.h" />
    <ClInclude Include="Game\Scene\Play\Enemy\Boss\States\BossAttack.h" />
    <ClInclude Include="Game\Scene\Play\Enemy\Boss\States\BossChase.h" />
    <ClInclude Include="Game\Scene\Play\Enemy\Boss\States\BossEscape.h" />
    <ClInclude Include="Game\Scene\Play\Enemy\Boss\States\BossPatrol.h" />
    <ClInclude Include="Game\Scene\Play\Enemy\Bird\States\BirdAttack.h" />
    <ClInclude Include="Game\Scene\Play\Enemy\Bird\States\BirdChase.h" />
    <ClInclude Include="Game\Scene\Play\Enemy\Bird\States\BirdEscape.h" />
    <ClInclude Include="Game\Scene\Play\Enemy\Bird\States\BirdPatrol.h" />
    <ClInclude Include="Game\Scene\Play\Enemy\Shark\States\SharkAttack.h" />
    <ClInclude Include="Game\Scene\Play\Enemy\Shark\States\SharkChase.h" />
    <ClInclude Include="Game\Scene\Play\Enemy\Shark\States\SharkEscape.h" />
    <ClInclude Include="Game\Scene\Play\Enemy\Shark\States\SharkPatrol.h" />
    <ClInclude Include="Game\Scene\Play\SkyDome\SkyDome.h" />
  </ItemGroup>
  <ItemGroup>
    <ClCompile Include="pch.cpp" />
    <ClCompile Include="Game.cpp" />
    <ClCompile Include="Main.cpp" />
    <ClCompile Include="Libraries\Microsoft\DebugDraw.cpp">
      <Filter>Libraries\Microsoft</Filter>
    </ClCompile>
    <ClCompile Include="Libraries\MyLib\GridFloor.cpp">
      <Filter>Libraries\MyLib</Filter>
    </ClCompile>
    <ClCompile Include="Game\Scene\SceneManager.cpp">
      <Filter>Game\Scene</Filter>
    </ClCompile>
    <ClCompile Include="Libraries\EdeLib\ModelManager.cpp">
      <Filter>Libraries\EdeLib</Filter>
    </ClCompile>
    <ClCompile Include="Game\Scene\PlayScene.cpp">
      <Filter>Game\Scene</Filter>
    </ClCompile>
    <ClCompile Include="Game\Scene\ResultScene.cpp">
      <Filter>Game\Scene</Filter>
    </ClCompile>
    <ClCompile Include="Game\Scene\TitleScene.cpp">
      <Filter>Game\Scene</Filter>
    </ClCompile>
    <ClCompile Include="Game\Scene\Play\Player\PlayerBody.cpp">
      <Filter>Game\Scene\Play\Player</Filter>
    </ClCompile>
    <ClCompile Include="Libraries\MyLib\TPS_Camera.cpp">
      <Filter>Libraries\MyLib</Filter>
    </ClCompile>
    <ClCompile Include="Libraries\MyLib\CollisionMesh.cpp">
      <Filter>Libraries\MyLib</Filter>
    </ClCompile>
    <ClCompile Include="Game\Scene\Play\Enemy\EnemyManager.cpp">
      <Filter>Game\Scene\Play\Enemy</Filter>
    </ClCompile>
    <ClCompile Include="Game\Scene\Play\Player\PlayerHand.cpp">
      <Filter>Game\Scene\Play\Player</Filter>
    </ClCompile>
    <ClCompile Include="Game\Scene\Play\Enemy\Bird\EnemyBird.cpp">
      <Filter>Game\Scene\Play\Enemy\Bird</Filter>
    </ClCompile>
    <ClCompile Include="Game\Scene\Play\Enemy\Crab\EnemyCrab.cpp">
      <Filter>Game\Scene\Play\Enemy\Crab</Filter>
    </ClCompile>
    <ClCompile Include="Game\Scene\Play\Enemy\Shark\EnemyShark.cpp">
      <Filter>Game\Scene\Play\Enemy\Shark</Filter>
    </ClCompile>
    <ClCompile Include="Game\Scene\Play\Stage\Stage.cpp">
      <Filter>Game\Scene\Play\Stage</Filter>
    </ClCompile>
    <ClCompile Include="Game\Scene\Play\Enemy\Boss\EnemyBoss.cpp" />
    <ClCompile Include="Framework\DeviceResources.cpp" />
    <ClCompile Include="Framework\Graphics.cpp" />
    <ClCompile Include="Framework\Input.cpp" />
    <ClCompile Include="Framework\Resources.cpp" />
    <ClCompile Include="Framework\Collision.cpp" />
    <ClCompile Include="Game\Scene\Play\Enemy\Crab\States\CrabPatrol.cpp" />
    <ClCompile Include="Game\Scene\Play\Enemy\Crab\States\CrabChase.cpp" />
    <ClCompile Include="Game\Scene\Play\Enemy\Crab\States\CrabAttack.cpp" />
    <ClCompile Include="Game\Scene\Play\Enemy\Crab\States\CrabEscape.cpp" />
    <ClCompile Include="Game\Scene\Play\Enemy\Boss\States\BossAttack.cpp" />
    <ClCompile Include="Game\Scene\Play\Enemy\Boss\States\BossChase.cpp" />
    <ClCompile Include="Game\Scene\Play\Enemy\Boss\States\BossEscape.cpp" />
    <ClCompile Include="Game\Scene\Play\Enemy\Boss\States\BossPatrol.cpp" />
    <ClCompile Include="Game\Scene\Play\Enemy\Bird\States\BirdAttack.cpp" />
    <ClCompile Include="Game\Scene\Play\Enemy\Bird\States\BirdChase.cpp" />
    <ClCompile Include="Game\Scene\Play\Enemy\Bird\States\BirdEscape.cpp" />
    <ClCompile Include="Game\Scene\Play\Enemy\Bird\States\BirdPatrol.cpp" />
    <ClCompile Include="Game\Scene\Play\Enemy\Shark\States\SharkAttack.cpp" />
    <ClCompile Include="Game\Scene\Play\Enemy\Shark\States\SharkChase.cpp" />
    <ClCompile Include="Game\Scene\Play\Enemy\Shark\States\SharkEscape.cpp" />
    <ClCompile Include="Game\Scene\Play\Enemy\Shark\States\SharkPatrol.cpp" />
    <ClCompile Include="Game\Scene\Play\SkyDome\SkyDome.cpp" />
  </ItemGroup>
  <ItemGroup>
    <ResourceCompile Include="resource.rc" />
  </ItemGroup>
  <ItemGroup>
    <Image Include="directx.ico">
      <Filter>Assets</Filter>
    </Image>
  </ItemGroup>
  <ItemGroup>
    <Manifest Include="settings.manifest">
      <Filter>Assets</Filter>
    </Manifest>
  </ItemGroup>
  <ItemGroup>
    <None Include="packages.config" />
  </ItemGroup>
</Project>